
Microsoft Visual Studio Solution File, Format Version 12.00
# Visual Studio Version 17
VisualStudioVersion = 17.0.31903.59
MinimumVisualStudioVersion = 10.0.40219.1
Project("{FAE04EC0-301F-11D3-BF4B-00C04F79EFBC}") = "BlazorScheduler", "BlazorScheduler\BlazorScheduler.csproj", "{7B925AA6-DC1F-4E9F-8E1E-B57E344AA43D}"
EndProject
Project("{FAE04EC0-301F-11D3-BF4B-00C04F79EFBC}") = "BlazorScheduler.Demo", "BlazorScheduler.Demo\BlazorScheduler.Demo.csproj", "{A61BC2F9-71E2-450D-932A-949E11EE49DE}"
EndProject
Project("{FAE04EC0-301F-11D3-BF4B-00C04F79EFBC}") = "BlazorScheduler.Tests", "BlazorScheduler.Tests\BlazorScheduler.Tests.csproj", "{DBDF1A3E-9A6B-4EBA-B52A-7ECF5C88DCCB}"
EndProject
Global
	GlobalSection(SolutionConfigurationPlatforms) = preSolution
		Debug|Any CPU = Debug|Any CPU
		Debug|x64 = Debug|x64
		Debug|x86 = Debug|x86
		Release|Any CPU = Release|Any CPU
		Release|x64 = Release|x64
		Release|x86 = Release|x86
	EndGlobalSection
	GlobalSection(ProjectConfigurationPlatforms) = postSolution
		{7B925AA6-DC1F-4E9F-8E1E-B57E344AA43D}.Debug|Any CPU.ActiveCfg = Debug|Any CPU
		{7B925AA6-DC1F-4E9F-8E1E-B57E344AA43D}.Debug|Any CPU.Build.0 = Debug|Any CPU
		{7B925AA6-DC1F-4E9F-8E1E-B57E344AA43D}.Debug|x64.ActiveCfg = Debug|Any CPU
		{7B925AA6-DC1F-4E9F-8E1E-B57E344AA43D}.Debug|x64.Build.0 = Debug|Any CPU
		{7B925AA6-DC1F-4E9F-8E1E-B57E344AA43D}.Debug|x86.ActiveCfg = Debug|Any CPU
		{7B925AA6-DC1F-4E9F-8E1E-B57E344AA43D}.Debug|x86.Build.0 = Debug|Any CPU
		{7B925AA6-DC1F-4E9F-8E1E-B57E344AA43D}.Release|Any CPU.ActiveCfg = Release|Any CPU
		{7B925AA6-DC1F-4E9F-8E1E-B57E344AA43D}.Release|Any CPU.Build.0 = Release|Any CPU
		{7B925AA6-DC1F-4E9F-8E1E-B57E344AA43D}.Release|x64.ActiveCfg = Release|Any CPU
		{7B925AA6-DC1F-4E9F-8E1E-B57E344AA43D}.Release|x64.Build.0 = Release|Any CPU
		{7B925AA6-DC1F-4E9F-8E1E-B57E344AA43D}.Release|x86.ActiveCfg = Release|Any CPU
		{7B925AA6-DC1F-4E9F-8E1E-B57E344AA43D}.Release|x86.Build.0 = Release|Any CPU
		{A61BC2F9-71E2-450D-932A-949E11EE49DE}.Debug|Any CPU.ActiveCfg = Debug|Any CPU
		{A61BC2F9-71E2-450D-932A-949E11EE49DE}.Debug|Any CPU.Build.0 = Debug|Any CPU
		{A61BC2F9-71E2-450D-932A-949E11EE49DE}.Debug|x64.ActiveCfg = Debug|Any CPU
		{A61BC2F9-71E2-450D-932A-949E11EE49DE}.Debug|x64.Build.0 = Debug|Any CPU
		{A61BC2F9-71E2-450D-932A-949E11EE49DE}.Debug|x86.ActiveCfg = Debug|Any CPU
		{A61BC2F9-71E2-450D-932A-949E11EE49DE}.Debug|x86.Build.0 = Debug|Any CPU
		{A61BC2F9-71E2-450D-932A-949E11EE49DE}.Release|Any CPU.ActiveCfg = Release|Any CPU
		{A61BC2F9-71E2-450D-932A-949E11EE49DE}.Release|Any CPU.Build.0 = Release|Any CPU
		{A61BC2F9-71E2-450D-932A-949E11EE49DE}.Release|x64.ActiveCfg = Release|Any CPU
		{A61BC2F9-71E2-450D-932A-949E11EE49DE}.Release|x64.Build.0 = Release|Any CPU
		{A61BC2F9-71E2-450D-932A-949E11EE49DE}.Release|x86.ActiveCfg = Release|Any CPU
		{A61BC2F9-71E2-450D-932A-949E11EE49DE}.Release|x86.Build.0 = Release|Any CPU
		{DBDF1A3E-9A6B-4EBA-B52A-7ECF5C88DCCB}.Debug|Any CPU.ActiveCfg = Debug|Any CPU
		{DBDF1A3E-9A6B-4EBA-B52A-7ECF5C88DCCB}.Debug|Any CPU.Build.0 = Debug|Any CPU
		{DBDF1A3E-9A6B-4EBA-B52A-7ECF5C88DCCB}.Debug|x64.ActiveCfg = Debug|Any CPU
		{DBDF1A3E-9A6B-4EBA-B52A-7ECF5C88DCCB}.Debug|x64.Build.0 = Debug|Any CPU
		{DBDF1A3E-9A6B-4EBA-B52A-7ECF5C88DCCB}.Debug|x86.ActiveCfg = Debug|Any CPU
		{DBDF1A3E-9A6B-4EBA-B52A-7ECF5C88DCCB}.Debug|x86.Build.0 = Debug|Any CPU
		{DBDF1A3E-9A6B-4EBA-B52A-7ECF5C88DCCB}.Release|Any CPU.ActiveCfg = Release|Any CPU
		{DBDF1A3E-9A6B-4EBA-B52A-7ECF5C88DCCB}.Release|Any CPU.Build.0 = Release|Any CPU
		{DBDF1A3E-9A6B-4EBA-B52A-7ECF5C88DCCB}.Release|x64.ActiveCfg = Release|Any CPU
		{DBDF1A3E-9A6B-4EBA-B52A-7ECF5C88DCCB}.Release|x64.Build.0 = Release|Any CPU
		{DBDF1A3E-9A6B-4EBA-B52A-7ECF5C88DCCB}.Release|x86.ActiveCfg = Release|Any CPU
		{DBDF1A3E-9A6B-4EBA-B52A-7ECF5C88DCCB}.Release|x86.Build.0 = Release|Any CPU
	EndGlobalSection
	GlobalSection(SolutionProperties) = preSolution
		HideSolutionNode = FALSE
	EndGlobalSection
EndGlobal
